
Microsoft Visual Studio Solution File, Format Version 12.00
# Visual Studio Version 17
VisualStudioVersion = 17.5.001.0
MinimumVisualStudioVersion = 10.0.40219.1
Project("{9A19103F-16F7-4668-BE54-9A1E7A4F7556}") = "CSharp6", "CSharp6\CSharp6.csproj", "{3C926A90-1C04-4C1F-A6F2-F728201431CA}"
EndProject
Project("{9A19103F-16F7-4668-BE54-9A1E7A4F7556}") = "CSharp7", "CSharp7\CSharp7.csproj", "{3070F978-73E9-43AC-9689-1E796536CD7B}"
EndProject
Project("{9A19103F-16F7-4668-BE54-9A1E7A4F7556}") = "CSharp8", "CSharp8\CSharp8.csproj", "{771D55BA-DE59-4CC6-BB88-6E175E649EFF}"
EndProject
Global
	GlobalSection(SolutionConfigurationPlatforms) = preSolution
		Debug|Any CPU = Debug|Any CPU
		Release|Any CPU = Release|Any CPU
	EndGlobalSection
	GlobalSection(ProjectConfigurationPlatforms) = postSolution
		{3C926A90-1C04-4C1F-A6F2-F728201431CA}.Debug|Any CPU.ActiveCfg = Debug|Any CPU
		{3C926A90-1C04-4C1F-A6F2-F728201431CA}.Debug|Any CPU.Build.0 = Debug|Any CPU
		{3C926A90-1C04-4C1F-A6F2-F728201431CA}.Release|Any CPU.ActiveCfg = Release|Any CPU
		{3C926A90-1C04-4C1F-A6F2-F728201431CA}.Release|Any CPU.Build.0 = Release|Any CPU
		{3070F978-73E9-43AC-9689-1E796536CD7B}.Debug|Any CPU.ActiveCfg = Debug|Any CPU
		{3070F978-73E9-43AC-9689-1E796536CD7B}.Debug|Any CPU.Build.0 = Debug|Any CPU
		{3070F978-73E9-43AC-9689-1E796536CD7B}.Release|Any CPU.ActiveCfg = Release|Any CPU
		{3070F978-73E9-43AC-9689-1E796536CD7B}.Release|Any CPU.Build.0 = Release|Any CPU
		{771D55BA-DE59-4CC6-BB88-6E175E649EFF}.Debug|Any CPU.ActiveCfg = Debug|Any CPU
		{771D55BA-DE59-4CC6-BB88-6E175E649EFF}.Debug|Any CPU.Build.0 = Debug|Any CPU
		{771D55BA-DE59-4CC6-BB88-6E175E649EFF}.Release|Any CPU.ActiveCfg = Release|Any CPU
		{771D55BA-DE59-4CC6-BB88-6E175E649EFF}.Release|Any CPU.Build.0 = Release|Any CPU
	EndGlobalSection
	GlobalSection(SolutionProperties) = preSolution
		HideSolutionNode = FALSE
	EndGlobalSection
	GlobalSection(ExtensibilityGlobals) = postSolution
		SolutionGuid = {098A2374-1C1D-4BE8-B452-932F244573DC}
	EndGlobalSection
EndGlobal
